
Microsoft Visual Studio Solution File, Format Version 12.00
# Visual Studio Version 16
VisualStudioVersion = 16.0.31424.327
MinimumVisualStudioVersion = 10.0.40219.1
Project("{FAE04EC0-301F-11D3-BF4B-00C04F79EFBC}") = "calcolatriceWindForm", "calcolatriceWindForm\calcolatriceWindForm.csproj", "{B03DC81A-7CF3-4A43-B538-9DEB8C884E70}"
EndProject
Global
	GlobalSection(SolutionConfigurationPlatforms) = preSolution
		Debug|Any CPU = Debug|Any CPU
		Release|Any CPU = Release|Any CPU
	EndGlobalSection
	GlobalSection(ProjectConfigurationPlatforms) = postSolution
		{B03DC81A-7CF3-4A43-B538-9DEB8C884E70}.Debug|Any CPU.ActiveCfg = Debug|Any CPU
		{B03DC81A-7CF3-4A43-B538-9DEB8C884E70}.Debug|Any CPU.Build.0 = Debug|Any CPU
		{B03DC81A-7CF3-4A43-B538-9DEB8C884E70}.Release|Any CPU.ActiveCfg = Release|Any CPU
		{B03DC81A-7CF3-4A43-B538-9DEB8C884E70}.Release|Any CPU.Build.0 = Release|Any CPU
	EndGlobalSection
	GlobalSection(SolutionProperties) = preSolution
		HideSolutionNode = FALSE
	EndGlobalSection
	GlobalSection(ExtensibilityGlobals) = postSolution
		SolutionGuid = {60AF5913-36B0-4DA4-93F8-754387E66520}
	EndGlobalSection
EndGlobal
