
Microsoft Visual Studio Solution File, Format Version 12.00
# Visual Studio Version 16
VisualStudioVersion = 16.0.31424.327
MinimumVisualStudioVersion = 10.0.40219.1
Project("{FAE04EC0-301F-11D3-BF4B-00C04F79EFBC}") = "aleaIactaEst", "aleaIactaEst\aleaIactaEst.csproj", "{CC2733BD-6DCF-4E31-96C7-3082BF04BBF5}"
EndProject
Global
	GlobalSection(SolutionConfigurationPlatforms) = preSolution
		Debug|Any CPU = Debug|Any CPU
		Release|Any CPU = Release|Any CPU
	EndGlobalSection
	GlobalSection(ProjectConfigurationPlatforms) = postSolution
		{CC2733BD-6DCF-4E31-96C7-3082BF04BBF5}.Debug|Any CPU.ActiveCfg = Debug|Any CPU
		{CC2733BD-6DCF-4E31-96C7-3082BF04BBF5}.Debug|Any CPU.Build.0 = Debug|Any CPU
		{CC2733BD-6DCF-4E31-96C7-3082BF04BBF5}.Release|Any CPU.ActiveCfg = Release|Any CPU
		{CC2733BD-6DCF-4E31-96C7-3082BF04BBF5}.Release|Any CPU.Build.0 = Release|Any CPU
	EndGlobalSection
	GlobalSection(SolutionProperties) = preSolution
		HideSolutionNode = FALSE
	EndGlobalSection
	GlobalSection(ExtensibilityGlobals) = postSolution
		SolutionGuid = {422DE396-41DF-472D-8581-3EE2FF817E48}
	EndGlobalSection
EndGlobal
