
Microsoft Visual Studio Solution File, Format Version 12.00
# Visual Studio Version 16
VisualStudioVersion = 16.0.31702.278
MinimumVisualStudioVersion = 10.0.40219.1
Project("{FAE04EC0-301F-11D3-BF4B-00C04F79EFBC}") = "areaTriangoli", "areaTriangoli\areaTriangoli.csproj", "{351340AF-84FC-4D95-A176-E120F6889E67}"
EndProject
Global
	GlobalSection(SolutionConfigurationPlatforms) = preSolution
		Debug|Any CPU = Debug|Any CPU
		Release|Any CPU = Release|Any CPU
	EndGlobalSection
	GlobalSection(ProjectConfigurationPlatforms) = postSolution
		{351340AF-84FC-4D95-A176-E120F6889E67}.Debug|Any CPU.ActiveCfg = Debug|Any CPU
		{351340AF-84FC-4D95-A176-E120F6889E67}.Debug|Any CPU.Build.0 = Debug|Any CPU
		{351340AF-84FC-4D95-A176-E120F6889E67}.Release|Any CPU.ActiveCfg = Release|Any CPU
		{351340AF-84FC-4D95-A176-E120F6889E67}.Release|Any CPU.Build.0 = Release|Any CPU
	EndGlobalSection
	GlobalSection(SolutionProperties) = preSolution
		HideSolutionNode = FALSE
	EndGlobalSection
	GlobalSection(ExtensibilityGlobals) = postSolution
		SolutionGuid = {CDA06B34-3733-462E-A2A4-167F88D0A419}
	EndGlobalSection
EndGlobal
